
Microsoft Visual Studio Solution File, Format Version 12.00
# Visual Studio 15
VisualStudioVersion = 15.0.27703.2000
MinimumVisualStudioVersion = 10.0.40219.1
Project("{FAE04EC0-301F-11D3-BF4B-00C04F79EFBC}") = "LogViewer", "LogViewer\LogViewer.csproj", "{CF705310-B6DB-4040-8B03-EF42A2D05196}"
EndProject
Project("{FAE04EC0-301F-11D3-BF4B-00C04F79EFBC}") = "LogViewer.Abstractions", "LogViewer.Abstractions\LogViewer.Abstractions.csproj", "{F3B95432-F7D7-4958-BB38-E74F12B40757}"
EndProject
Project("{FAE04EC0-301F-11D3-BF4B-00C04F79EFBC}") = "LogViewer.Containers", "LogViewer.Containers\LogViewer.Containers.csproj", "{D9737C46-3414-48DF-A488-38B7603F1656}"
EndProject
Project("{FAE04EC0-301F-11D3-BF4B-00C04F79EFBC}") = "LogViewer.Extensions", "LogViewer.Extensions\LogViewer.Extensions.csproj", "{6F54BA80-DFBF-4840-88DC-0626BC0677E1}"
EndProject
Project("{FAE04EC0-301F-11D3-BF4B-00C04F79EFBC}") = "LogViewer.Factories", "LogViewer.Factories\LogViewer.Factories.csproj", "{0908B7DE-63F1-4B6A-A71F-D68A840EBCBA}"
EndProject
Project("{FAE04EC0-301F-11D3-BF4B-00C04F79EFBC}") = "LogViewer.Listeners", "LogViewer.Listeners\LogViewer.Listeners.csproj", "{AAD1A7C8-A04E-4F70-A752-2D573C447B96}"
EndProject
Project("{FAE04EC0-301F-11D3-BF4B-00C04F79EFBC}") = "LogViewer.Model", "LogViewer.Model\LogViewer.Model.csproj", "{C1A9DEF0-9643-4BDD-B568-4238EC7C81E3}"
EndProject
Project("{FAE04EC0-301F-11D3-BF4B-00C04F79EFBC}") = "LogViewer.Processors", "LogViewer.Processors\LogViewer.Processors.csproj", "{B264E1E1-EC64-4E80-9080-91AA5DE68A3C}"
EndProject
Project("{FAE04EC0-301F-11D3-BF4B-00C04F79EFBC}") = "LogViewer.Resources", "LogViewer.Resources\LogViewer.Resources.csproj", "{A9158221-95B3-47CE-BDD6-C60622C6ADDC}"
EndProject
Project("{FAE04EC0-301F-11D3-BF4B-00C04F79EFBC}") = "LogViewer.Types", "LogViewer.Types\LogViewer.Types.csproj", "{7D941369-EEF0-4283-8FC1-DD6CDA348FB8}"
EndProject
Project("{FAE04EC0-301F-11D3-BF4B-00C04F79EFBC}") = "LogViewer.Utilities", "LogViewer.Utilities\LogViewer.Utilities.csproj", "{F5C2110E-4809-43A4-90E7-F5E1CD245657}"
EndProject
Global
	GlobalSection(SolutionConfigurationPlatforms) = preSolution
		Debug|Any CPU = Debug|Any CPU
		Debug|x64 = Debug|x64
		Debug|x86 = Debug|x86
		Release|Any CPU = Release|Any CPU
		Release|x64 = Release|x64
		Release|x86 = Release|x86
	EndGlobalSection
	GlobalSection(ProjectConfigurationPlatforms) = postSolution
		{CF705310-B6DB-4040-8B03-EF42A2D05196}.Debug|Any CPU.ActiveCfg = Debug|Any CPU
		{CF705310-B6DB-4040-8B03-EF42A2D05196}.Debug|Any CPU.Build.0 = Debug|Any CPU
		{CF705310-B6DB-4040-8B03-EF42A2D05196}.Debug|x64.ActiveCfg = Debug|Any CPU
		{CF705310-B6DB-4040-8B03-EF42A2D05196}.Debug|x64.Build.0 = Debug|Any CPU
		{CF705310-B6DB-4040-8B03-EF42A2D05196}.Debug|x86.ActiveCfg = Debug|Any CPU
		{CF705310-B6DB-4040-8B03-EF42A2D05196}.Debug|x86.Build.0 = Debug|Any CPU
		{CF705310-B6DB-4040-8B03-EF42A2D05196}.Release|Any CPU.ActiveCfg = Release|Any CPU
		{CF705310-B6DB-4040-8B03-EF42A2D05196}.Release|Any CPU.Build.0 = Release|Any CPU
		{CF705310-B6DB-4040-8B03-EF42A2D05196}.Release|x64.ActiveCfg = Release|Any CPU
		{CF705310-B6DB-4040-8B03-EF42A2D05196}.Release|x64.Build.0 = Release|Any CPU
		{CF705310-B6DB-4040-8B03-EF42A2D05196}.Release|x86.ActiveCfg = Release|Any CPU
		{CF705310-B6DB-4040-8B03-EF42A2D05196}.Release|x86.Build.0 = Release|Any CPU
		{F3B95432-F7D7-4958-BB38-E74F12B40757}.Debug|Any CPU.ActiveCfg = Debug|Any CPU
		{F3B95432-F7D7-4958-BB38-E74F12B40757}.Debug|Any CPU.Build.0 = Debug|Any CPU
		{F3B95432-F7D7-4958-BB38-E74F12B40757}.Debug|x64.ActiveCfg = Debug|Any CPU
		{F3B95432-F7D7-4958-BB38-E74F12B40757}.Debug|x64.Build.0 = Debug|Any CPU
		{F3B95432-F7D7-4958-BB38-E74F12B40757}.Debug|x86.ActiveCfg = Debug|Any CPU
		{F3B95432-F7D7-4958-BB38-E74F12B40757}.Debug|x86.Build.0 = Debug|Any CPU
		{F3B95432-F7D7-4958-BB38-E74F12B40757}.Release|Any CPU.ActiveCfg = Release|Any CPU
		{F3B95432-F7D7-4958-BB38-E74F12B40757}.Release|Any CPU.Build.0 = Release|Any CPU
		{F3B95432-F7D7-4958-BB38-E74F12B40757}.Release|x64.ActiveCfg = Release|Any CPU
		{F3B95432-F7D7-4958-BB38-E74F12B40757}.Release|x64.Build.0 = Release|Any CPU
		{F3B95432-F7D7-4958-BB38-E74F12B40757}.Release|x86.ActiveCfg = Release|Any CPU
		{F3B95432-F7D7-4958-BB38-E74F12B40757}.Release|x86.Build.0 = Release|Any CPU
		{D9737C46-3414-48DF-A488-38B7603F1656}.Debug|Any CPU.ActiveCfg = Debug|Any CPU
		{D9737C46-3414-48DF-A488-38B7603F1656}.Debug|Any CPU.Build.0 = Debug|Any CPU
		{D9737C46-3414-48DF-A488-38B7603F1656}.Debug|x64.ActiveCfg = Debug|Any CPU
		{D9737C46-3414-48DF-A488-38B7603F1656}.Debug|x64.Build.0 = Debug|Any CPU
		{D9737C46-3414-48DF-A488-38B7603F1656}.Debug|x86.ActiveCfg = Debug|Any CPU
		{D9737C46-3414-48DF-A488-38B7603F1656}.Debug|x86.Build.0 = Debug|Any CPU
		{D9737C46-3414-48DF-A488-38B7603F1656}.Release|Any CPU.ActiveCfg = Release|Any CPU
		{D9737C46-3414-48DF-A488-38B7603F1656}.Release|Any CPU.Build.0 = Release|Any CPU
		{D9737C46-3414-48DF-A488-38B7603F1656}.Release|x64.ActiveCfg = Release|Any CPU
		{D9737C46-3414-48DF-A488-38B7603F1656}.Release|x64.Build.0 = Release|Any CPU
		{D9737C46-3414-48DF-A488-38B7603F1656}.Release|x86.ActiveCfg = Release|Any CPU
		{D9737C46-3414-48DF-A488-38B7603F1656}.Release|x86.Build.0 = Release|Any CPU
		{6F54BA80-DFBF-4840-88DC-0626BC0677E1}.Debug|Any CPU.ActiveCfg = Debug|Any CPU
		{6F54BA80-DFBF-4840-88DC-0626BC0677E1}.Debug|Any CPU.Build.0 = Debug|Any CPU
		{6F54BA80-DFBF-4840-88DC-0626BC0677E1}.Debug|x64.ActiveCfg = Debug|Any CPU
		{6F54BA80-DFBF-4840-88DC-0626BC0677E1}.Debug|x64.Build.0 = Debug|Any CPU
		{6F54BA80-DFBF-4840-88DC-0626BC0677E1}.Debug|x86.ActiveCfg = Debug|Any CPU
		{6F54BA80-DFBF-4840-88DC-0626BC0677E1}.Debug|x86.Build.0 = Debug|Any CPU
		{6F54BA80-DFBF-4840-88DC-0626BC0677E1}.Release|Any CPU.ActiveCfg = Release|Any CPU
		{6F54BA80-DFBF-4840-88DC-0626BC0677E1}.Release|Any CPU.Build.0 = Release|Any CPU
		{6F54BA80-DFBF-4840-88DC-0626BC0677E1}.Release|x64.ActiveCfg = Release|Any CPU
		{6F54BA80-DFBF-4840-88DC-0626BC0677E1}.Release|x64.Build.0 = Release|Any CPU
		{6F54BA80-DFBF-4840-88DC-0626BC0677E1}.Release|x86.ActiveCfg = Release|Any CPU
		{6F54BA80-DFBF-4840-88DC-0626BC0677E1}.Release|x86.Build.0 = Release|Any CPU
		{0908B7DE-63F1-4B6A-A71F-D68A840EBCBA}.Debug|Any CPU.ActiveCfg = Debug|Any CPU
		{0908B7DE-63F1-4B6A-A71F-D68A840EBCBA}.Debug|Any CPU.Build.0 = Debug|Any CPU
		{0908B7DE-63F1-4B6A-A71F-D68A840EBCBA}.Debug|x64.ActiveCfg = Debug|Any CPU
		{0908B7DE-63F1-4B6A-A71F-D68A840EBCBA}.Debug|x64.Build.0 = Debug|Any CPU
		{0908B7DE-63F1-4B6A-A71F-D68A840EBCBA}.Debug|x86.ActiveCfg = Debug|Any CPU
		{0908B7DE-63F1-4B6A-A71F-D68A840EBCBA}.Debug|x86.Build.0 = Debug|Any CPU
		{0908B7DE-63F1-4B6A-A71F-D68A840EBCBA}.Release|Any CPU.ActiveCfg = Release|Any CPU
		{0908B7DE-63F1-4B6A-A71F-D68A840EBCBA}.Release|Any CPU.Build.0 = Release|Any CPU
		{0908B7DE-63F1-4B6A-A71F-D68A840EBCBA}.Release|x64.ActiveCfg = Release|Any CPU
		{0908B7DE-63F1-4B6A-A71F-D68A840EBCBA}.Release|x64.Build.0 = Release|Any CPU
		{0908B7DE-63F1-4B6A-A71F-D68A840EBCBA}.Release|x86.ActiveCfg = Release|Any CPU
		{0908B7DE-63F1-4B6A-A71F-D68A840EBCBA}.Release|x86.Build.0 = Release|Any CPU
		{AAD1A7C8-A04E-4F70-A752-2D573C447B96}.Debug|Any CPU.ActiveCfg = Debug|Any CPU
		{AAD1A7C8-A04E-4F70-A752-2D573C447B96}.Debug|Any CPU.Build.0 = Debug|Any CPU
		{AAD1A7C8-A04E-4F70-A752-2D573C447B96}.Debug|x64.ActiveCfg = Debug|Any CPU
		{AAD1A7C8-A04E-4F70-A752-2D573C447B96}.Debug|x64.Build.0 = Debug|Any CPU
		{AAD1A7C8-A04E-4F70-A752-2D573C447B96}.Debug|x86.ActiveCfg = Debug|Any CPU
		{AAD1A7C8-A04E-4F70-A752-2D573C447B96}.Debug|x86.Build.0 = Debug|Any CPU
		{AAD1A7C8-A04E-4F70-A752-2D573C447B96}.Release|Any CPU.ActiveCfg = Release|Any CPU
		{AAD1A7C8-A04E-4F70-A752-2D573C447B96}.Release|Any CPU.Build.0 = Release|Any CPU
		{AAD1A7C8-A04E-4F70-A752-2D573C447B96}.Release|x64.ActiveCfg = Release|Any CPU
		{AAD1A7C8-A04E-4F70-A752-2D573C447B96}.Release|x64.Build.0 = Release|Any CPU
		{AAD1A7C8-A04E-4F70-A752-2D573C447B96}.Release|x86.ActiveCfg = Release|Any CPU
		{AAD1A7C8-A04E-4F70-A752-2D573C447B96}.Release|x86.Build.0 = Release|Any CPU
		{C1A9DEF0-9643-4BDD-B568-4238EC7C81E3}.Debug|Any CPU.ActiveCfg = Debug|Any CPU
		{C1A9DEF0-9643-4BDD-B568-4238EC7C81E3}.Debug|Any CPU.Build.0 = Debug|Any CPU
		{C1A9DEF0-9643-4BDD-B568-4238EC7C81E3}.Debug|x64.ActiveCfg = Debug|Any CPU
		{C1A9DEF0-9643-4BDD-B568-4238EC7C81E3}.Debug|x64.Build.0 = Debug|Any CPU
		{C1A9DEF0-9643-4BDD-B568-4238EC7C81E3}.Debug|x86.ActiveCfg = Debug|Any CPU
		{C1A9DEF0-9643-4BDD-B568-4238EC7C81E3}.Debug|x86.Build.0 = Debug|Any CPU
		{C1A9DEF0-9643-4BDD-B568-4238EC7C81E3}.Release|Any CPU.ActiveCfg = Release|Any CPU
		{C1A9DEF0-9643-4BDD-B568-4238EC7C81E3}.Release|Any CPU.Build.0 = Release|Any CPU
		{C1A9DEF0-9643-4BDD-B568-4238EC7C81E3}.Release|x64.ActiveCfg = Release|Any CPU
		{C1A9DEF0-9643-4BDD-B568-4238EC7C81E3}.Release|x64.Build.0 = Release|Any CPU
		{C1A9DEF0-9643-4BDD-B568-4238EC7C81E3}.Release|x86.ActiveCfg = Release|Any CPU
		{C1A9DEF0-9643-4BDD-B568-4238EC7C81E3}.Release|x86.Build.0 = Release|Any CPU
		{B264E1E1-EC64-4E80-9080-91AA5DE68A3C}.Debug|Any CPU.ActiveCfg = Debug|Any CPU
		{B264E1E1-EC64-4E80-9080-91AA5DE68A3C}.Debug|Any CPU.Build.0 = Debug|Any CPU
		{B264E1E1-EC64-4E80-9080-91AA5DE68A3C}.Debug|x64.ActiveCfg = Debug|Any CPU
		{B264E1E1-EC64-4E80-9080-91AA5DE68A3C}.Debug|x64.Build.0 = Debug|Any CPU
		{B264E1E1-EC64-4E80-9080-91AA5DE68A3C}.Debug|x86.ActiveCfg = Debug|Any CPU
		{B264E1E1-EC64-4E80-9080-91AA5DE68A3C}.Debug|x86.Build.0 = Debug|Any CPU
		{B264E1E1-EC64-4E80-9080-91AA5DE68A3C}.Release|Any CPU.ActiveCfg = Release|Any CPU
		{B264E1E1-EC64-4E80-9080-91AA5DE68A3C}.Release|Any CPU.Build.0 = Release|Any CPU
		{B264E1E1-EC64-4E80-9080-91AA5DE68A3C}.Release|x64.ActiveCfg = Release|Any CPU
		{B264E1E1-EC64-4E80-9080-91AA5DE68A3C}.Release|x64.Build.0 = Release|Any CPU
		{B264E1E1-EC64-4E80-9080-91AA5DE68A3C}.Release|x86.ActiveCfg = Release|Any CPU
		{B264E1E1-EC64-4E80-9080-91AA5DE68A3C}.Release|x86.Build.0 = Release|Any CPU
		{A9158221-95B3-47CE-BDD6-C60622C6ADDC}.Debug|Any CPU.ActiveCfg = Debug|Any CPU
		{A9158221-95B3-47CE-BDD6-C60622C6ADDC}.Debug|Any CPU.Build.0 = Debug|Any CPU
		{A9158221-95B3-47CE-BDD6-C60622C6ADDC}.Debug|x64.ActiveCfg = Debug|Any CPU
		{A9158221-95B3-47CE-BDD6-C60622C6ADDC}.Debug|x64.Build.0 = Debug|Any CPU
		{A9158221-95B3-47CE-BDD6-C60622C6ADDC}.Debug|x86.ActiveCfg = Debug|Any CPU
		{A9158221-95B3-47CE-BDD6-C60622C6ADDC}.Debug|x86.Build.0 = Debug|Any CPU
		{A9158221-95B3-47CE-BDD6-C60622C6ADDC}.Release|Any CPU.ActiveCfg = Release|Any CPU
		{A9158221-95B3-47CE-BDD6-C60622C6ADDC}.Release|Any CPU.Build.0 = Release|Any CPU
		{A9158221-95B3-47CE-BDD6-C60622C6ADDC}.Release|x64.ActiveCfg = Release|Any CPU
		{A9158221-95B3-47CE-BDD6-C60622C6ADDC}.Release|x64.Build.0 = Release|Any CPU
		{A9158221-95B3-47CE-BDD6-C60622C6ADDC}.Release|x86.ActiveCfg = Release|Any CPU
		{A9158221-95B3-47CE-BDD6-C60622C6ADDC}.Release|x86.Build.0 = Release|Any CPU
		{7D941369-EEF0-4283-8FC1-DD6CDA348FB8}.Debug|Any CPU.ActiveCfg = Debug|Any CPU
		{7D941369-EEF0-4283-8FC1-DD6CDA348FB8}.Debug|Any CPU.Build.0 = Debug|Any CPU
		{7D941369-EEF0-4283-8FC1-DD6CDA348FB8}.Debug|x64.ActiveCfg = Debug|Any CPU
		{7D941369-EEF0-4283-8FC1-DD6CDA348FB8}.Debug|x64.Build.0 = Debug|Any CPU
		{7D941369-EEF0-4283-8FC1-DD6CDA348FB8}.Debug|x86.ActiveCfg = Debug|Any CPU
		{7D941369-EEF0-4283-8FC1-DD6CDA348FB8}.Debug|x86.Build.0 = Debug|Any CPU
		{7D941369-EEF0-4283-8FC1-DD6CDA348FB8}.Release|Any CPU.ActiveCfg = Release|Any CPU
		{7D941369-EEF0-4283-8FC1-DD6CDA348FB8}.Release|Any CPU.Build.0 = Release|Any CPU
		{7D941369-EEF0-4283-8FC1-DD6CDA348FB8}.Release|x64.ActiveCfg = Release|Any CPU
		{7D941369-EEF0-4283-8FC1-DD6CDA348FB8}.Release|x64.Build.0 = Release|Any CPU
		{7D941369-EEF0-4283-8FC1-DD6CDA348FB8}.Release|x86.ActiveCfg = Release|Any CPU
		{7D941369-EEF0-4283-8FC1-DD6CDA348FB8}.Release|x86.Build.0 = Release|Any CPU
		{F5C2110E-4809-43A4-90E7-F5E1CD245657}.Debug|Any CPU.ActiveCfg = Debug|Any CPU
		{F5C2110E-4809-43A4-90E7-F5E1CD245657}.Debug|Any CPU.Build.0 = Debug|Any CPU
		{F5C2110E-4809-43A4-90E7-F5E1CD245657}.Debug|x64.ActiveCfg = Debug|Any CPU
		{F5C2110E-4809-43A4-90E7-F5E1CD245657}.Debug|x64.Build.0 = Debug|Any CPU
		{F5C2110E-4809-43A4-90E7-F5E1CD245657}.Debug|x86.ActiveCfg = Debug|Any CPU
		{F5C2110E-4809-43A4-90E7-F5E1CD245657}.Debug|x86.Build.0 = Debug|Any CPU
		{F5C2110E-4809-43A4-90E7-F5E1CD245657}.Release|Any CPU.ActiveCfg = Release|Any CPU
		{F5C2110E-4809-43A4-90E7-F5E1CD245657}.Release|Any CPU.Build.0 = Release|Any CPU
		{F5C2110E-4809-43A4-90E7-F5E1CD245657}.Release|x64.ActiveCfg = Release|Any CPU
		{F5C2110E-4809-43A4-90E7-F5E1CD245657}.Release|x64.Build.0 = Release|Any CPU
		{F5C2110E-4809-43A4-90E7-F5E1CD245657}.Release|x86.ActiveCfg = Release|Any CPU
		{F5C2110E-4809-43A4-90E7-F5E1CD245657}.Release|x86.Build.0 = Release|Any CPU
	EndGlobalSection
	GlobalSection(SolutionProperties) = preSolution
		HideSolutionNode = FALSE
	EndGlobalSection
	GlobalSection(ExtensibilityGlobals) = postSolution
		SolutionGuid = {CB0F18EC-5A99-4E32-9619-72763ABFD96F}
	EndGlobalSection
EndGlobal
